
Microsoft Visual Studio Solution File, Format Version 12.00
# Visual Studio 15
VisualStudioVersion = 15.0.28307.779
MinimumVisualStudioVersion = 10.0.40219.1
Project("{E24C65DC-7377-472B-9ABA-BC803B73C61A}") = "RoomMagnetRefresh", "RoomMagnetRefresh\", "{ACD2EA5E-90B2-4F20-86C0-8A5F8309A9D9}"
	ProjectSection(WebsiteProperties) = preProject
		TargetFrameworkMoniker = ".NETFramework,Version%3Dv4.6.1"
		Debug.AspNetCompiler.VirtualPath = "/localhost_58564"
		Debug.AspNetCompiler.PhysicalPath = "RoomMagnetRefresh\"
		Debug.AspNetCompiler.TargetPath = "PrecompiledWeb\localhost_58564\"
		Debug.AspNetCompiler.Updateable = "true"
		Debug.AspNetCompiler.ForceOverwrite = "true"
		Debug.AspNetCompiler.FixedNames = "false"
		Debug.AspNetCompiler.Debug = "True"
		Release.AspNetCompiler.VirtualPath = "/localhost_58564"
		Release.AspNetCompiler.PhysicalPath = "RoomMagnetRefresh\"
		Release.AspNetCompiler.TargetPath = "PrecompiledWeb\localhost_58564\"
		Release.AspNetCompiler.Updateable = "true"
		Release.AspNetCompiler.ForceOverwrite = "true"
		Release.AspNetCompiler.FixedNames = "false"
		Release.AspNetCompiler.Debug = "False"
		VWDPort = "58564"
		SlnRelativePath = "RoomMagnetRefresh\"
		DefaultWebSiteLanguage = "Visual C#"
	EndProjectSection
EndProject
Global
	GlobalSection(SolutionConfigurationPlatforms) = preSolution
		Debug|Any CPU = Debug|Any CPU
	EndGlobalSection
	GlobalSection(ProjectConfigurationPlatforms) = postSolution
		{ACD2EA5E-90B2-4F20-86C0-8A5F8309A9D9}.Debug|Any CPU.ActiveCfg = Debug|Any CPU
		{ACD2EA5E-90B2-4F20-86C0-8A5F8309A9D9}.Debug|Any CPU.Build.0 = Debug|Any CPU
	EndGlobalSection
	GlobalSection(SolutionProperties) = preSolution
		HideSolutionNode = FALSE
	EndGlobalSection
	GlobalSection(ExtensibilityGlobals) = postSolution
		SolutionGuid = {64960303-17B3-46BE-AFC0-09A9D40C2E17}
	EndGlobalSection
EndGlobal
